
Microsoft Visual Studio Solution File, Format Version 12.00
# Visual Studio Version 17
VisualStudioVersion = 17.14.36705.20
MinimumVisualStudioVersion = 10.0.40219.1
Project("{FAE04EC0-301F-11D3-BF4B-00C04F79EFBC}") = "Communication.Client", "Source\Communication.Client\Communication.Client.csproj", "{65F228A5-CF05-11FE-302A-03921768F9D9}"
EndProject
Project("{FAE04EC0-301F-11D3-BF4B-00C04F79EFBC}") = "Communication.Server", "Source\Communication.Server\Communication.Server.csproj", "{7222473A-8ABA-4FFC-D9A2-17FD106040C0}"
EndProject
Project("{FAE04EC0-301F-11D3-BF4B-00C04F79EFBC}") = "Communication.Shared", "Source\Communication.Shared\Communication.Shared.csproj", "{95CA6415-69B8-4702-8460-7786DF7CCCA7}"
EndProject
Project("{2150E333-8FDC-42A3-9474-1A3956D46DE8}") = "Source", "Source", "{C8D5274F-AC00-46C7-1F8D-E88E81087A52}"
EndProject
Project("{2150E333-8FDC-42A3-9474-1A3956D46DE8}") = "Sandbox", "Sandbox", "{AEA636C8-2C2E-4E7D-9E98-7D0748FDFFD3}"
EndProject
Project("{FAE04EC0-301F-11D3-BF4B-00C04F79EFBC}") = "Server", "Sandbox\Chat\Server\Server.csproj", "{8F6A388A-72E7-A859-F0D1-445629793D18}"
EndProject
Project("{FAE04EC0-301F-11D3-BF4B-00C04F79EFBC}") = "DB", "Sandbox\Chat\DB\DB.csproj", "{D1B3079E-4ED4-FDAF-DA78-51A095D1DAEC}"
EndProject
Project("{FAE04EC0-301F-11D3-BF4B-00C04F79EFBC}") = "ClientGUI", "Sandbox\Chat\ClientGUI\ClientGUI.csproj", "{F001B762-2CCA-52C7-1648-3D3742E2CE1A}"
EndProject
Project("{FAE04EC0-301F-11D3-BF4B-00C04F79EFBC}") = "BotTest", "Sandbox\Chat\BotTest\BotTest.csproj", "{27F385F4-6AB0-8EDB-E1DE-E4D24210616E}"
EndProject
Project("{2150E333-8FDC-42A3-9474-1A3956D46DE8}") = "Chat", "Chat", "{8847A0EC-4599-4E22-9ED3-BB9F98F04F52}"
EndProject
Project("{FAE04EC0-301F-11D3-BF4B-00C04F79EFBC}") = "Shared", "Sandbox\Chat\Shared\Shared.csproj", "{89A16EF2-6C6A-4E25-A5EB-F929A5F449E5}"
EndProject
Global
	GlobalSection(SolutionConfigurationPlatforms) = preSolution
		Debug|Any CPU = Debug|Any CPU
		Release|Any CPU = Release|Any CPU
	EndGlobalSection
	GlobalSection(ProjectConfigurationPlatforms) = postSolution
		{65F228A5-CF05-11FE-302A-03921768F9D9}.Debug|Any CPU.ActiveCfg = Debug|Any CPU
		{65F228A5-CF05-11FE-302A-03921768F9D9}.Debug|Any CPU.Build.0 = Debug|Any CPU
		{65F228A5-CF05-11FE-302A-03921768F9D9}.Release|Any CPU.ActiveCfg = Release|Any CPU
		{65F228A5-CF05-11FE-302A-03921768F9D9}.Release|Any CPU.Build.0 = Release|Any CPU
		{7222473A-8ABA-4FFC-D9A2-17FD106040C0}.Debug|Any CPU.ActiveCfg = Debug|Any CPU
		{7222473A-8ABA-4FFC-D9A2-17FD106040C0}.Debug|Any CPU.Build.0 = Debug|Any CPU
		{7222473A-8ABA-4FFC-D9A2-17FD106040C0}.Release|Any CPU.ActiveCfg = Release|Any CPU
		{7222473A-8ABA-4FFC-D9A2-17FD106040C0}.Release|Any CPU.Build.0 = Release|Any CPU
		{95CA6415-69B8-4702-8460-7786DF7CCCA7}.Debug|Any CPU.ActiveCfg = Debug|Any CPU
		{95CA6415-69B8-4702-8460-7786DF7CCCA7}.Debug|Any CPU.Build.0 = Debug|Any CPU
		{95CA6415-69B8-4702-8460-7786DF7CCCA7}.Release|Any CPU.ActiveCfg = Release|Any CPU
		{95CA6415-69B8-4702-8460-7786DF7CCCA7}.Release|Any CPU.Build.0 = Release|Any CPU
		{8F6A388A-72E7-A859-F0D1-445629793D18}.Debug|Any CPU.ActiveCfg = Debug|Any CPU
		{8F6A388A-72E7-A859-F0D1-445629793D18}.Debug|Any CPU.Build.0 = Debug|Any CPU
		{8F6A388A-72E7-A859-F0D1-445629793D18}.Release|Any CPU.ActiveCfg = Release|Any CPU
		{8F6A388A-72E7-A859-F0D1-445629793D18}.Release|Any CPU.Build.0 = Release|Any CPU
		{D1B3079E-4ED4-FDAF-DA78-51A095D1DAEC}.Debug|Any CPU.ActiveCfg = Debug|Any CPU
		{D1B3079E-4ED4-FDAF-DA78-51A095D1DAEC}.Debug|Any CPU.Build.0 = Debug|Any CPU
		{D1B3079E-4ED4-FDAF-DA78-51A095D1DAEC}.Release|Any CPU.ActiveCfg = Release|Any CPU
		{D1B3079E-4ED4-FDAF-DA78-51A095D1DAEC}.Release|Any CPU.Build.0 = Release|Any CPU
		{F001B762-2CCA-52C7-1648-3D3742E2CE1A}.Debug|Any CPU.ActiveCfg = Debug|Any CPU
		{F001B762-2CCA-52C7-1648-3D3742E2CE1A}.Debug|Any CPU.Build.0 = Debug|Any CPU
		{F001B762-2CCA-52C7-1648-3D3742E2CE1A}.Release|Any CPU.ActiveCfg = Release|Any CPU
		{F001B762-2CCA-52C7-1648-3D3742E2CE1A}.Release|Any CPU.Build.0 = Release|Any CPU
		{27F385F4-6AB0-8EDB-E1DE-E4D24210616E}.Debug|Any CPU.ActiveCfg = Debug|Any CPU
		{27F385F4-6AB0-8EDB-E1DE-E4D24210616E}.Debug|Any CPU.Build.0 = Debug|Any CPU
		{27F385F4-6AB0-8EDB-E1DE-E4D24210616E}.Release|Any CPU.ActiveCfg = Release|Any CPU
		{27F385F4-6AB0-8EDB-E1DE-E4D24210616E}.Release|Any CPU.Build.0 = Release|Any CPU
		{89A16EF2-6C6A-4E25-A5EB-F929A5F449E5}.Debug|Any CPU.ActiveCfg = Debug|Any CPU
		{89A16EF2-6C6A-4E25-A5EB-F929A5F449E5}.Debug|Any CPU.Build.0 = Debug|Any CPU
		{89A16EF2-6C6A-4E25-A5EB-F929A5F449E5}.Release|Any CPU.ActiveCfg = Release|Any CPU
		{89A16EF2-6C6A-4E25-A5EB-F929A5F449E5}.Release|Any CPU.Build.0 = Release|Any CPU
	EndGlobalSection
	GlobalSection(SolutionProperties) = preSolution
		HideSolutionNode = FALSE
	EndGlobalSection
	GlobalSection(NestedProjects) = preSolution
		{65F228A5-CF05-11FE-302A-03921768F9D9} = {C8D5274F-AC00-46C7-1F8D-E88E81087A52}
		{7222473A-8ABA-4FFC-D9A2-17FD106040C0} = {C8D5274F-AC00-46C7-1F8D-E88E81087A52}
		{95CA6415-69B8-4702-8460-7786DF7CCCA7} = {C8D5274F-AC00-46C7-1F8D-E88E81087A52}
		{8F6A388A-72E7-A859-F0D1-445629793D18} = {8847A0EC-4599-4E22-9ED3-BB9F98F04F52}
		{D1B3079E-4ED4-FDAF-DA78-51A095D1DAEC} = {8847A0EC-4599-4E22-9ED3-BB9F98F04F52}
		{F001B762-2CCA-52C7-1648-3D3742E2CE1A} = {8847A0EC-4599-4E22-9ED3-BB9F98F04F52}
		{27F385F4-6AB0-8EDB-E1DE-E4D24210616E} = {8847A0EC-4599-4E22-9ED3-BB9F98F04F52}
		{8847A0EC-4599-4E22-9ED3-BB9F98F04F52} = {AEA636C8-2C2E-4E7D-9E98-7D0748FDFFD3}
		{89A16EF2-6C6A-4E25-A5EB-F929A5F449E5} = {8847A0EC-4599-4E22-9ED3-BB9F98F04F52}
	EndGlobalSection
	GlobalSection(ExtensibilityGlobals) = postSolution
		SolutionGuid = {F57D908C-13D2-4F5B-8578-4A91E9BBE6F3}
	EndGlobalSection
EndGlobal
