Microsoft Visual Studio Solution File, Format Version 12.00
# Visual Studio Version 17
VisualStudioVersion = 17.14.36705.20
MinimumVisualStudioVersion = 10.0.40219.1
Project("{FAE04EC0-301F-11D3-BF4B-00C04F79EFBC}") = "Communication.Shared", "Source\Communication.Shared\Communication.Shared.csproj", "{95CA6415-69B8-4702-8460-7786DF7CCCA7}"
EndProject
Project("{2150E333-8FDC-42A3-9474-1A3956D46DE8}") = "Source", "Source", "{C8D5274F-AC00-46C7-1F8D-E88E81087A52}"
EndProject
Global
	GlobalSection(SolutionConfigurationPlatforms) = preSolution
		Debug|Any CPU = Debug|Any CPU
		Release|Any CPU = Release|Any CPU
	EndGlobalSection
	GlobalSection(ProjectConfigurationPlatforms) = postSolution
		{95CA6415-69B8-4702-8460-7786DF7CCCA7}.Debug|Any CPU.ActiveCfg = Debug|Any CPU
		{95CA6415-69B8-4702-8460-7786DF7CCCA7}.Debug|Any CPU.Build.0 = Debug|Any CPU
		{95CA6415-69B8-4702-8460-7786DF7CCCA7}.Release|Any CPU.ActiveCfg = Release|Any CPU
		{95CA6415-69B8-4702-8460-7786DF7CCCA7}.Release|Any CPU.Build.0 = Release|Any CPU
	EndGlobalSection
	GlobalSection(SolutionProperties) = preSolution
		HideSolutionNode = FALSE
	EndGlobalSection
	GlobalSection(NestedProjects) = preSolution
		{95CA6415-69B8-4702-8460-7786DF7CCCA7} = {C8D5274F-AC00-46C7-1F8D-E88E81087A52}
	EndGlobalSection
EndGlobal
