
Microsoft Visual Studio Solution File, Format Version 12.00
# Visual Studio Version 17
VisualStudioVersion = 17.14.36705.20
MinimumVisualStudioVersion = 10.0.40219.1
Project("{FAE04EC0-301F-11D3-BF4B-00C04F79EFBC}") = "Communication.Client", "Communication.Client\Communication.Client.csproj", "{7D4F5542-DA6C-D2BC-7005-E52A4A32DB95}"
EndProject
Project("{FAE04EC0-301F-11D3-BF4B-00C04F79EFBC}") = "Communication.Server", "Communication.Server\Communication.Server.csproj", "{016A08C3-FF31-1058-D195-CBDBACDA74B4}"
EndProject
Project("{FAE04EC0-301F-11D3-BF4B-00C04F79EFBC}") = "Communication.Shared", "Communication.Shared\Communication.Shared.csproj", "{EB2ED25F-65ED-EF10-8BC4-1B38CCEF3BDA}"
EndProject
Global
	GlobalSection(SolutionConfigurationPlatforms) = preSolution
		Debug|Any CPU = Debug|Any CPU
		Release|Any CPU = Release|Any CPU
	EndGlobalSection
	GlobalSection(ProjectConfigurationPlatforms) = postSolution
		{7D4F5542-DA6C-D2BC-7005-E52A4A32DB95}.Debug|Any CPU.ActiveCfg = Debug|Any CPU
		{7D4F5542-DA6C-D2BC-7005-E52A4A32DB95}.Debug|Any CPU.Build.0 = Debug|Any CPU
		{7D4F5542-DA6C-D2BC-7005-E52A4A32DB95}.Release|Any CPU.ActiveCfg = Release|Any CPU
		{7D4F5542-DA6C-D2BC-7005-E52A4A32DB95}.Release|Any CPU.Build.0 = Release|Any CPU
		{016A08C3-FF31-1058-D195-CBDBACDA74B4}.Debug|Any CPU.ActiveCfg = Debug|Any CPU
		{016A08C3-FF31-1058-D195-CBDBACDA74B4}.Debug|Any CPU.Build.0 = Debug|Any CPU
		{016A08C3-FF31-1058-D195-CBDBACDA74B4}.Release|Any CPU.ActiveCfg = Release|Any CPU
		{016A08C3-FF31-1058-D195-CBDBACDA74B4}.Release|Any CPU.Build.0 = Release|Any CPU
		{EB2ED25F-65ED-EF10-8BC4-1B38CCEF3BDA}.Debug|Any CPU.ActiveCfg = Debug|Any CPU
		{EB2ED25F-65ED-EF10-8BC4-1B38CCEF3BDA}.Debug|Any CPU.Build.0 = Debug|Any CPU
		{EB2ED25F-65ED-EF10-8BC4-1B38CCEF3BDA}.Release|Any CPU.ActiveCfg = Release|Any CPU
		{EB2ED25F-65ED-EF10-8BC4-1B38CCEF3BDA}.Release|Any CPU.Build.0 = Release|Any CPU
	EndGlobalSection
	GlobalSection(SolutionProperties) = preSolution
		HideSolutionNode = FALSE
	EndGlobalSection
	GlobalSection(ExtensibilityGlobals) = postSolution
		SolutionGuid = {F57D908C-13D2-4F5B-8578-4A91E9BBE6F3}
	EndGlobalSection
EndGlobal
